
Microsoft Visual Studio Solution File, Format Version 12.00
# Visual Studio Version 17
VisualStudioVersion = 17.8.34511.84
MinimumVisualStudioVersion = 10.0.40219.1
Project("{9A19103F-16F7-4668-BE54-9A1E7A4F7556}") = "MenuPlanner", "MenuPlanner\MenuPlanner.csproj", "{01B5D955-37AC-4AFC-8007-E325A44511FD}"
EndProject
Global
	GlobalSection(SolutionConfigurationPlatforms) = preSolution
		Debug|Any CPU = Debug|Any CPU
		Release|Any CPU = Release|Any CPU
	EndGlobalSection
	GlobalSection(ProjectConfigurationPlatforms) = postSolution
		{01B5D955-37AC-4AFC-8007-E325A44511FD}.Debug|Any CPU.ActiveCfg = Debug|Any CPU
		{01B5D955-37AC-4AFC-8007-E325A44511FD}.Debug|Any CPU.Build.0 = Debug|Any CPU
		{01B5D955-37AC-4AFC-8007-E325A44511FD}.Release|Any CPU.ActiveCfg = Release|Any CPU
		{01B5D955-37AC-4AFC-8007-E325A44511FD}.Release|Any CPU.Build.0 = Release|Any CPU
	EndGlobalSection
	GlobalSection(SolutionProperties) = preSolution
		HideSolutionNode = FALSE
	EndGlobalSection
	GlobalSection(ExtensibilityGlobals) = postSolution
		SolutionGuid = {6B07AE2F-C5A4-4015-AB3C-DB62B10FA4B6}
	EndGlobalSection
EndGlobal
